
Microsoft Visual Studio Solution File, Format Version 12.00
# Visual Studio Version 17
VisualStudioVersion = 17.5.33627.172
MinimumVisualStudioVersion = 10.0.40219.1
Project("{FAE04EC0-301F-11D3-BF4B-00C04F79EFBC}") = "App2.Android", "App2\App2.Android\App2.Android.csproj", "{0F39BD1B-6AAA-4495-A84E-A43B45FA7C3C}"
EndProject
Project("{FAE04EC0-301F-11D3-BF4B-00C04F79EFBC}") = "App2.iOS", "App2\App2.iOS\App2.iOS.csproj", "{F5AE50FC-5915-4CF1-B62D-D133DD5A1C4A}"
EndProject
Project("{9A19103F-16F7-4668-BE54-9A1E7A4F7556}") = "App2", "App2\App2\App2.csproj", "{A0BF88C3-DE19-4B30-86AE-4796A67C178E}"
EndProject
Global
	GlobalSection(SolutionConfigurationPlatforms) = preSolution
		Debug|Any CPU = Debug|Any CPU
		Debug|iPhone = Debug|iPhone
		Debug|iPhoneSimulator = Debug|iPhoneSimulator
		Release|Any CPU = Release|Any CPU
		Release|iPhone = Release|iPhone
		Release|iPhoneSimulator = Release|iPhoneSimulator
	EndGlobalSection
	GlobalSection(ProjectConfigurationPlatforms) = postSolution
		{0F39BD1B-6AAA-4495-A84E-A43B45FA7C3C}.Debug|Any CPU.ActiveCfg = Debug|Any CPU
		{0F39BD1B-6AAA-4495-A84E-A43B45FA7C3C}.Debug|Any CPU.Build.0 = Debug|Any CPU
		{0F39BD1B-6AAA-4495-A84E-A43B45FA7C3C}.Debug|Any CPU.Deploy.0 = Debug|Any CPU
		{0F39BD1B-6AAA-4495-A84E-A43B45FA7C3C}.Debug|iPhone.ActiveCfg = Debug|Any CPU
		{0F39BD1B-6AAA-4495-A84E-A43B45FA7C3C}.Debug|iPhone.Build.0 = Debug|Any CPU
		{0F39BD1B-6AAA-4495-A84E-A43B45FA7C3C}.Debug|iPhone.Deploy.0 = Debug|Any CPU
		{0F39BD1B-6AAA-4495-A84E-A43B45FA7C3C}.Debug|iPhoneSimulator.ActiveCfg = Debug|Any CPU
		{0F39BD1B-6AAA-4495-A84E-A43B45FA7C3C}.Debug|iPhoneSimulator.Build.0 = Debug|Any CPU
		{0F39BD1B-6AAA-4495-A84E-A43B45FA7C3C}.Debug|iPhoneSimulator.Deploy.0 = Debug|Any CPU
		{0F39BD1B-6AAA-4495-A84E-A43B45FA7C3C}.Release|Any CPU.ActiveCfg = Release|Any CPU
		{0F39BD1B-6AAA-4495-A84E-A43B45FA7C3C}.Release|Any CPU.Build.0 = Release|Any CPU
		{0F39BD1B-6AAA-4495-A84E-A43B45FA7C3C}.Release|Any CPU.Deploy.0 = Release|Any CPU
		{0F39BD1B-6AAA-4495-A84E-A43B45FA7C3C}.Release|iPhone.ActiveCfg = Release|Any CPU
		{0F39BD1B-6AAA-4495-A84E-A43B45FA7C3C}.Release|iPhone.Build.0 = Release|Any CPU
		{0F39BD1B-6AAA-4495-A84E-A43B45FA7C3C}.Release|iPhone.Deploy.0 = Release|Any CPU
		{0F39BD1B-6AAA-4495-A84E-A43B45FA7C3C}.Release|iPhoneSimulator.ActiveCfg = Release|Any CPU
		{0F39BD1B-6AAA-4495-A84E-A43B45FA7C3C}.Release|iPhoneSimulator.Build.0 = Release|Any CPU
		{0F39BD1B-6AAA-4495-A84E-A43B45FA7C3C}.Release|iPhoneSimulator.Deploy.0 = Release|Any CPU
		{F5AE50FC-5915-4CF1-B62D-D133DD5A1C4A}.Debug|Any CPU.ActiveCfg = Debug|iPhone
		{F5AE50FC-5915-4CF1-B62D-D133DD5A1C4A}.Debug|Any CPU.Build.0 = Debug|iPhone
		{F5AE50FC-5915-4CF1-B62D-D133DD5A1C4A}.Debug|Any CPU.Deploy.0 = Debug|iPhone
		{F5AE50FC-5915-4CF1-B62D-D133DD5A1C4A}.Debug|iPhone.ActiveCfg = Debug|iPhone
		{F5AE50FC-5915-4CF1-B62D-D133DD5A1C4A}.Debug|iPhone.Build.0 = Debug|iPhone
		{F5AE50FC-5915-4CF1-B62D-D133DD5A1C4A}.Debug|iPhone.Deploy.0 = Debug|iPhone
		{F5AE50FC-5915-4CF1-B62D-D133DD5A1C4A}.Debug|iPhoneSimulator.ActiveCfg = Debug|iPhoneSimulator
		{F5AE50FC-5915-4CF1-B62D-D133DD5A1C4A}.Debug|iPhoneSimulator.Build.0 = Debug|iPhoneSimulator
		{F5AE50FC-5915-4CF1-B62D-D133DD5A1C4A}.Debug|iPhoneSimulator.Deploy.0 = Debug|iPhoneSimulator
		{F5AE50FC-5915-4CF1-B62D-D133DD5A1C4A}.Release|Any CPU.ActiveCfg = Release|iPhoneSimulator
		{F5AE50FC-5915-4CF1-B62D-D133DD5A1C4A}.Release|Any CPU.Build.0 = Release|iPhoneSimulator
		{F5AE50FC-5915-4CF1-B62D-D133DD5A1C4A}.Release|Any CPU.Deploy.0 = Release|iPhoneSimulator
		{F5AE50FC-5915-4CF1-B62D-D133DD5A1C4A}.Release|iPhone.ActiveCfg = Release|iPhone
		{F5AE50FC-5915-4CF1-B62D-D133DD5A1C4A}.Release|iPhone.Build.0 = Release|iPhone
		{F5AE50FC-5915-4CF1-B62D-D133DD5A1C4A}.Release|iPhone.Deploy.0 = Release|iPhone
		{F5AE50FC-5915-4CF1-B62D-D133DD5A1C4A}.Release|iPhoneSimulator.ActiveCfg = Release|iPhoneSimulator
		{F5AE50FC-5915-4CF1-B62D-D133DD5A1C4A}.Release|iPhoneSimulator.Build.0 = Release|iPhoneSimulator
		{F5AE50FC-5915-4CF1-B62D-D133DD5A1C4A}.Release|iPhoneSimulator.Deploy.0 = Release|iPhoneSimulator
		{A0BF88C3-DE19-4B30-86AE-4796A67C178E}.Debug|Any CPU.ActiveCfg = Debug|Any CPU
		{A0BF88C3-DE19-4B30-86AE-4796A67C178E}.Debug|Any CPU.Build.0 = Debug|Any CPU
		{A0BF88C3-DE19-4B30-86AE-4796A67C178E}.Debug|Any CPU.Deploy.0 = Debug|Any CPU
		{A0BF88C3-DE19-4B30-86AE-4796A67C178E}.Debug|iPhone.ActiveCfg = Debug|Any CPU
		{A0BF88C3-DE19-4B30-86AE-4796A67C178E}.Debug|iPhone.Build.0 = Debug|Any CPU
		{A0BF88C3-DE19-4B30-86AE-4796A67C178E}.Debug|iPhone.Deploy.0 = Debug|Any CPU
		{A0BF88C3-DE19-4B30-86AE-4796A67C178E}.Debug|iPhoneSimulator.ActiveCfg = Debug|Any CPU
		{A0BF88C3-DE19-4B30-86AE-4796A67C178E}.Debug|iPhoneSimulator.Build.0 = Debug|Any CPU
		{A0BF88C3-DE19-4B30-86AE-4796A67C178E}.Debug|iPhoneSimulator.Deploy.0 = Debug|Any CPU
		{A0BF88C3-DE19-4B30-86AE-4796A67C178E}.Release|Any CPU.ActiveCfg = Release|Any CPU
		{A0BF88C3-DE19-4B30-86AE-4796A67C178E}.Release|Any CPU.Build.0 = Release|Any CPU
		{A0BF88C3-DE19-4B30-86AE-4796A67C178E}.Release|Any CPU.Deploy.0 = Release|Any CPU
		{A0BF88C3-DE19-4B30-86AE-4796A67C178E}.Release|iPhone.ActiveCfg = Release|Any CPU
		{A0BF88C3-DE19-4B30-86AE-4796A67C178E}.Release|iPhone.Build.0 = Release|Any CPU
		{A0BF88C3-DE19-4B30-86AE-4796A67C178E}.Release|iPhone.Deploy.0 = Release|Any CPU
		{A0BF88C3-DE19-4B30-86AE-4796A67C178E}.Release|iPhoneSimulator.ActiveCfg = Release|Any CPU
		{A0BF88C3-DE19-4B30-86AE-4796A67C178E}.Release|iPhoneSimulator.Build.0 = Release|Any CPU
		{A0BF88C3-DE19-4B30-86AE-4796A67C178E}.Release|iPhoneSimulator.Deploy.0 = Release|Any CPU
	EndGlobalSection
	GlobalSection(SolutionProperties) = preSolution
		HideSolutionNode = FALSE
	EndGlobalSection
	GlobalSection(ExtensibilityGlobals) = postSolution
		SolutionGuid = {A1494EDD-59FE-4C56-8AB6-EC127EBD94D1}
	EndGlobalSection
EndGlobal
